{
    "_meta": {
        "hash": {
            "sha256": "5746246aa0a6e2c1cfbd5d0065268c5bfbd372d81b2809c7aaef7c2b93f57516"
        },
        "host-environment-markers": {
            "implementation_name": "cpython",
            "implementation_version": "3.6.2",
            "os_name": "posix",
            "platform_machine": "x86_64",
            "platform_python_implementation": "CPython",
            "platform_release": "17.3.0",
            "platform_system": "Darwin",
            "platform_version": "Darwin Kernel Version 17.3.0: Thu Nov  9 18:09:22 PST 2017; root:xnu-4570.31.3~1/RELEASE_X86_64",
            "python_full_version": "3.6.2",
            "python_version": "3.6",
            "sys_platform": "darwin"
        },
        "pipfile-spec": 6,
        "requires": {},
        "sources": [
            {
                "name": "pypi",
                "url": "https://pypi.python.org/simple",
                "verify_ssl": true
            }
        ]
    },
    "default": {
        "pronouncing": {
            "hashes": [
                "sha256:aae9ae47557b124c1ea35e89d8dd2761a5807faf2625c405fe365ad84140406e"
            ],
            "version": "==0.1.5"
        }
    },
    "develop": {}
}
